
Microsoft Visual Studio Solution File, Format Version 12.00
# Visual Studio Version 17
VisualStudioVersion = 17.5.002.0
MinimumVisualStudioVersion = 10.0.40219.1
Project("{9A19103F-16F7-4668-BE54-9A1E7A4F7556}") = "Sistema de Hospedagem", "Sistema de Hospedagem.csproj", "{968489F8-81A1-4C00-B5D2-4D0678D85B78}"
EndProject
Global
	GlobalSection(SolutionConfigurationPlatforms) = preSolution
		Debug|Any CPU = Debug|Any CPU
		Release|Any CPU = Release|Any CPU
	EndGlobalSection
	GlobalSection(ProjectConfigurationPlatforms) = postSolution
		{968489F8-81A1-4C00-B5D2-4D0678D85B78}.Debug|Any CPU.ActiveCfg = Debug|Any CPU
		{968489F8-81A1-4C00-B5D2-4D0678D85B78}.Debug|Any CPU.Build.0 = Debug|Any CPU
		{968489F8-81A1-4C00-B5D2-4D0678D85B78}.Release|Any CPU.ActiveCfg = Release|Any CPU
		{968489F8-81A1-4C00-B5D2-4D0678D85B78}.Release|Any CPU.Build.0 = Release|Any CPU
	EndGlobalSection
	GlobalSection(SolutionProperties) = preSolution
		HideSolutionNode = FALSE
	EndGlobalSection
	GlobalSection(ExtensibilityGlobals) = postSolution
		SolutionGuid = {8C4BC4D4-EC3C-4397-B278-C1BA6555079A}
	EndGlobalSection
EndGlobal
